// !$*UTF8*$!
{
	archiveVersion = 1;
	classes = {
	};
	objectVersion = 50;
	objects = {

/* Begin PBXBuildFile section */
		6E08E25C213E1DCF009DD8DC /* LayoutConstraintMaker.swift in Sources */ = {isa = PBXBuildFile; fileRef = 6E08E251213E1DCE009DD8DC /* LayoutConstraintMaker.swift */; };
		6E08E25D213E1DCF009DD8DC /* LayoutConstraintSafeAreaItem.swift in Sources */ = {isa = PBXBuildFile; fileRef = 6E08E252213E1DCE009DD8DC /* LayoutConstraintSafeAreaItem.swift */; };
		6E08E25E213E1DCF009DD8DC /* LayoutViewConstraint.swift in Sources */ = {isa = PBXBuildFile; fileRef = 6E08E253213E1DCE009DD8DC /* LayoutViewConstraint.swift */; };
		6E08E25F213E1DCF009DD8DC /* LayoutViewConstraintSafeArea.swift in Sources */ = {isa = PBXBuildFile; fileRef = 6E08E254213E1DCE009DD8DC /* LayoutViewConstraintSafeArea.swift */; };
		6E08E260213E1DCF009DD8DC /* Typealiases.swift in Sources */ = {isa = PBXBuildFile; fileRef = 6E08E255213E1DCE009DD8DC /* Typealiases.swift */; };
		6E08E261213E1DCF009DD8DC /* LayoutConstraintMakerRelatable.swift in Sources */ = {isa = PBXBuildFile; fileRef = 6E08E256213E1DCE009DD8DC /* LayoutConstraintMakerRelatable.swift */; };
		6E08E262213E1DCF009DD8DC /* LayoutConstraintMakerExtendable.swift in Sources */ = {isa = PBXBuildFile; fileRef = 6E08E257213E1DCE009DD8DC /* LayoutConstraintMakerExtendable.swift */; };
		6E08E263213E1DCF009DD8DC /* LayoutConstraintItem.swift in Sources */ = {isa = PBXBuildFile; fileRef = 6E08E258213E1DCE009DD8DC /* LayoutConstraintItem.swift */; };
		6E08E264213E1DCF009DD8DC /* LayoutView.swift in Sources */ = {isa = PBXBuildFile; fileRef = 6E08E259213E1DCE009DD8DC /* LayoutView.swift */; };
		6E08E265213E1DCF009DD8DC /* LayoutConstraintMakerSupportable.swift in Sources */ = {isa = PBXBuildFile; fileRef = 6E08E25A213E1DCE009DD8DC /* LayoutConstraintMakerSupportable.swift */; };
		6E08E266213E1DCF009DD8DC /* LayoutConstraintItemable.swift in Sources */ = {isa = PBXBuildFile; fileRef = 6E08E25B213E1DCF009DD8DC /* LayoutConstraintItemable.swift */; };
		6E6206622129E3DE007AFA70 /* AppDelegate.swift in Sources */ = {isa = PBXBuildFile; fileRef = 6E6206612129E3DE007AFA70 /* AppDelegate.swift */; };
		6E6206642129E3DE007AFA70 /* ExpandableTableViewController.swift in Sources */ = {isa = PBXBuildFile; fileRef = 6E6206632129E3DE007AFA70 /* ExpandableTableViewController.swift */; };
		6E6206692129E3E2007AFA70 /* Assets.xcassets in Resources */ = {isa = PBXBuildFile; fileRef = 6E6206682129E3E2007AFA70 /* Assets.xcassets */; };
		6E62066C2129E3E2007AFA70 /* LaunchScreen.storyboard in Resources */ = {isa = PBXBuildFile; fileRef = 6E62066A2129E3E2007AFA70 /* LaunchScreen.storyboard */; };
		6E6206742129E480007AFA70 /* FAQs.plist in Resources */ = {isa = PBXBuildFile; fileRef = 6E6206732129E47F007AFA70 /* FAQs.plist */; };
		6E6206762129E49B007AFA70 /* Item.swift in Sources */ = {isa = PBXBuildFile; fileRef = 6E6206752129E49B007AFA70 /* Item.swift */; };
		6E6206862129E96B007AFA70 /* ViewCodable.swift in Sources */ = {isa = PBXBuildFile; fileRef = 6E6206812129E96B007AFA70 /* ViewCodable.swift */; };
		6E6206872129E96B007AFA70 /* UITableView+ReusableView.swift in Sources */ = {isa = PBXBuildFile; fileRef = 6E6206822129E96B007AFA70 /* UITableView+ReusableView.swift */; };
		6E6206882129E96B007AFA70 /* UIView+ReusableView.swift in Sources */ = {isa = PBXBuildFile; fileRef = 6E6206832129E96B007AFA70 /* UIView+ReusableView.swift */; };
		6E6206892129E96B007AFA70 /* ReusableView.swift in Sources */ = {isa = PBXBuildFile; fileRef = 6E6206842129E96B007AFA70 /* ReusableView.swift */; };
		6E62068B2129EA06007AFA70 /* ExpandableView.swift in Sources */ = {isa = PBXBuildFile; fileRef = 6E62068A2129EA06007AFA70 /* ExpandableView.swift */; };
		6E620692212A334F007AFA70 /* ExpandableCell.swift in Sources */ = {isa = PBXBuildFile; fileRef = 6E620691212A334F007AFA70 /* ExpandableCell.swift */; };
/* End PBXBuildFile section */

/* Begin PBXFileReference section */
		6E08E251213E1DCE009DD8DC /* LayoutConstraintMaker.swift */ = {isa = PBXFileReference; fileEncoding = 4; lastKnownFileType = sourcecode.swift; path = LayoutConstraintMaker.swift; sourceTree = "<group>"; };
		6E08E252213E1DCE009DD8DC /* LayoutConstraintSafeAreaItem.swift */ = {isa = PBXFileReference; fileEncoding = 4; lastKnownFileType = sourcecode.swift; path = LayoutConstraintSafeAreaItem.swift; sourceTree = "<group>"; };
		6E08E253213E1DCE009DD8DC /* LayoutViewConstraint.swift */ = {isa = PBXFileReference; fileEncoding = 4; lastKnownFileType = sourcecode.swift; path = LayoutViewConstraint.swift; sourceTree = "<group>"; };
		6E08E254213E1DCE009DD8DC /* LayoutViewConstraintSafeArea.swift */ = {isa = PBXFileReference; fileEncoding = 4; lastKnownFileType = sourcecode.swift; path = LayoutViewConstraintSafeArea.swift; sourceTree = "<group>"; };
		6E08E255213E1DCE009DD8DC /* Typealiases.swift */ = {isa = PBXFileReference; fileEncoding = 4; lastKnownFileType = sourcecode.swift; path = Typealiases.swift; sourceTree = "<group>"; };
		6E08E256213E1DCE009DD8DC /* LayoutConstraintMakerRelatable.swift */ = {isa = PBXFileReference; fileEncoding = 4; lastKnownFileType = sourcecode.swift; path = LayoutConstraintMakerRelatable.swift; sourceTree = "<group>"; };
		6E08E257213E1DCE009DD8DC /* LayoutConstraintMakerExtendable.swift */ = {isa = PBXFileReference; fileEncoding = 4; lastKnownFileType = sourcecode.swift; path = LayoutConstraintMakerExtendable.swift; sourceTree = "<group>"; };
		6E08E258213E1DCE009DD8DC /* LayoutConstraintItem.swift */ = {isa = PBXFileReference; fileEncoding = 4; lastKnownFileType = sourcecode.swift; path = LayoutConstraintItem.swift; sourceTree = "<group>"; };
		6E08E259213E1DCE009DD8DC /* LayoutView.swift */ = {isa = PBXFileReference; fileEncoding = 4; lastKnownFileType = sourcecode.swift; path = LayoutView.swift; sourceTree = "<group>"; };
		6E08E25A213E1DCE009DD8DC /* LayoutConstraintMakerSupportable.swift */ = {isa = PBXFileReference; fileEncoding = 4; lastKnownFileType = sourcecode.swift; path = LayoutConstraintMakerSupportable.swift; sourceTree = "<group>"; };
		6E08E25B213E1DCF009DD8DC /* LayoutConstraintItemable.swift */ = {isa = PBXFileReference; fileEncoding = 4; lastKnownFileType = sourcecode.swift; path = LayoutConstraintItemable.swift; sourceTree = "<group>"; };
		6E62065E2129E3DE007AFA70 /* ExpandableTableView.app */ = {isa = PBXFileReference; explicitFileType = wrapper.application; includeInIndex = 0; path = ExpandableTableView.app; sourceTree = BUILT_PRODUCTS_DIR; };
		6E6206612129E3DE007AFA70 /* AppDelegate.swift */ = {isa = PBXFileReference; lastKnownFileType = sourcecode.swift; path = AppDelegate.swift; sourceTree = "<group>"; };
		6E6206632129E3DE007AFA70 /* ExpandableTableViewController.swift */ = {isa = PBXFileReference; lastKnownFileType = sourcecode.swift; path = ExpandableTableViewController.swift; sourceTree = "<group>"; };
		6E6206682129E3E2007AFA70 /* Assets.xcassets */ = {isa = PBXFileReference; lastKnownFileType = folder.assetcatalog; path = Assets.xcassets; sourceTree = "<group>"; };
		6E62066B2129E3E2007AFA70 /* Base */ = {isa = PBXFileReference; lastKnownFileType = file.storyboard; name = Base; path = Base.lproj/LaunchScreen.storyboard; sourceTree = "<group>"; };
		6E62066D2129E3E2007AFA70 /* Info.plist */ = {isa = PBXFileReference; lastKnownFileType = text.plist.xml; path = Info.plist; sourceTree = "<group>"; };
		6E6206732129E47F007AFA70 /* FAQs.plist */ = {isa = PBXFileReference; fileEncoding = 4; lastKnownFileType = text.plist.xml; path = FAQs.plist; sourceTree = "<group>"; };
		6E6206752129E49B007AFA70 /* Item.swift */ = {isa = PBXFileReference; lastKnownFileType = sourcecode.swift; path = Item.swift; sourceTree = "<group>"; };
		6E6206812129E96B007AFA70 /* ViewCodable.swift */ = {isa = PBXFileReference; fileEncoding = 4; lastKnownFileType = sourcecode.swift; path = ViewCodable.swift; sourceTree = "<group>"; };
		6E6206822129E96B007AFA70 /* UITableView+ReusableView.swift */ = {isa = PBXFileReference; fileEncoding = 4; lastKnownFileType = sourcecode.swift; path = "UITableView+ReusableView.swift"; sourceTree = "<group>"; };
		6E6206832129E96B007AFA70 /* UIView+ReusableView.swift */ = {isa = PBXFileReference; fileEncoding = 4; lastKnownFileType = sourcecode.swift; path = "UIView+ReusableView.swift"; sourceTree = "<group>"; };
		6E6206842129E96B007AFA70 /* ReusableView.swift */ = {isa = PBXFileReference; fileEncoding = 4; lastKnownFileType = sourcecode.swift; path = ReusableView.swift; sourceTree = "<group>"; };
		6E62068A2129EA06007AFA70 /* ExpandableView.swift */ = {isa = PBXFileReference; lastKnownFileType = sourcecode.swift; path = ExpandableView.swift; sourceTree = "<group>"; };
		6E620691212A334F007AFA70 /* ExpandableCell.swift */ = {isa = PBXFileReference; fileEncoding = 4; lastKnownFileType = sourcecode.swift; path = ExpandableCell.swift; sourceTree = "<group>"; };
/* End PBXFileReference section */

/* Begin PBXFrameworksBuildPhase section */
		6E62065B2129E3DE007AFA70 /* Frameworks */ = {
			isa = PBXFrameworksBuildPhase;
			buildActionMask = 2147483647;
			files = (
			);
			runOnlyForDeploymentPostprocessing = 0;
		};
/* End PBXFrameworksBuildPhase section */

/* Begin PBXGroup section */
		6E08E250213E1DC2009DD8DC /* LayoutAnchor */ = {
			isa = PBXGroup;
			children = (
				6E08E258213E1DCE009DD8DC /* LayoutConstraintItem.swift */,
				6E08E25B213E1DCF009DD8DC /* LayoutConstraintItemable.swift */,
				6E08E251213E1DCE009DD8DC /* LayoutConstraintMaker.swift */,
				6E08E257213E1DCE009DD8DC /* LayoutConstraintMakerExtendable.swift */,
				6E08E256213E1DCE009DD8DC /* LayoutConstraintMakerRelatable.swift */,
				6E08E25A213E1DCE009DD8DC /* LayoutConstraintMakerSupportable.swift */,
				6E08E252213E1DCE009DD8DC /* LayoutConstraintSafeAreaItem.swift */,
				6E08E259213E1DCE009DD8DC /* LayoutView.swift */,
				6E08E253213E1DCE009DD8DC /* LayoutViewConstraint.swift */,
				6E08E254213E1DCE009DD8DC /* LayoutViewConstraintSafeArea.swift */,
				6E08E255213E1DCE009DD8DC /* Typealiases.swift */,
			);
			path = LayoutAnchor;
			sourceTree = "<group>";
		};
		6E6206552129E3DE007AFA70 = {
			isa = PBXGroup;
			children = (
				6E6206602129E3DE007AFA70 /* ExpandableTableView */,
				6E62065F2129E3DE007AFA70 /* Products */,
			);
			sourceTree = "<group>";
		};
		6E62065F2129E3DE007AFA70 /* Products */ = {
			isa = PBXGroup;
			children = (
				6E62065E2129E3DE007AFA70 /* ExpandableTableView.app */,
			);
			name = Products;
			sourceTree = "<group>";
		};
		6E6206602129E3DE007AFA70 /* ExpandableTableView */ = {
			isa = PBXGroup;
			children = (
				6E62067D2129E8CA007AFA70 /* AppDelegate */,
				6E62067C2129E8BF007AFA70 /* ViewController */,
				6E62067B2129E8A6007AFA70 /* View */,
				6E62067A2129E89E007AFA70 /* Model */,
				6E62067E2129E96B007AFA70 /* Helper */,
				6E6206792129E893007AFA70 /* SupportingFiles */,
			);
			path = ExpandableTableView;
			sourceTree = "<group>";
		};
		6E6206792129E893007AFA70 /* SupportingFiles */ = {
			isa = PBXGroup;
			children = (
				6E6206682129E3E2007AFA70 /* Assets.xcassets */,
				6E62066A2129E3E2007AFA70 /* LaunchScreen.storyboard */,
				6E6206732129E47F007AFA70 /* FAQs.plist */,
				6E62066D2129E3E2007AFA70 /* Info.plist */,
			);
			path = SupportingFiles;
			sourceTree = "<group>";
		};
		6E62067A2129E89E007AFA70 /* Model */ = {
			isa = PBXGroup;
			children = (
				6E6206752129E49B007AFA70 /* Item.swift */,
			);
			path = Model;
			sourceTree = "<group>";
		};
		6E62067B2129E8A6007AFA70 /* View */ = {
			isa = PBXGroup;
			children = (
				6E62068E212A250D007AFA70 /* Cells */,
				6E62068A2129EA06007AFA70 /* ExpandableView.swift */,
			);
			path = View;
			sourceTree = "<group>";
		};
		6E62067C2129E8BF007AFA70 /* ViewController */ = {
			isa = PBXGroup;
			children = (
				6E6206632129E3DE007AFA70 /* ExpandableTableViewController.swift */,
			);
			path = ViewController;
			sourceTree = "<group>";
		};
		6E62067D2129E8CA007AFA70 /* AppDelegate */ = {
			isa = PBXGroup;
			children = (
				6E6206612129E3DE007AFA70 /* AppDelegate.swift */,
			);
			path = AppDelegate;
			sourceTree = "<group>";
		};
		6E62067E2129E96B007AFA70 /* Helper */ = {
			isa = PBXGroup;
			children = (
				6E08E250213E1DC2009DD8DC /* LayoutAnchor */,
				6E6206802129E96B007AFA70 /* Reusable */,
			);
			path = Helper;
			sourceTree = "<group>";
		};
		6E6206802129E96B007AFA70 /* Reusable */ = {
			isa = PBXGroup;
			children = (
				6E6206812129E96B007AFA70 /* ViewCodable.swift */,
				6E6206822129E96B007AFA70 /* UITableView+ReusableView.swift */,
				6E6206832129E96B007AFA70 /* UIView+ReusableView.swift */,
				6E6206842129E96B007AFA70 /* ReusableView.swift */,
			);
			path = Reusable;
			sourceTree = "<group>";
		};
		6E62068E212A250D007AFA70 /* Cells */ = {
			isa = PBXGroup;
			children = (
				6E620691212A334F007AFA70 /* ExpandableCell.swift */,
			);
			path = Cells;
			sourceTree = "<group>";
		};
/* End PBXGroup section */

/* Begin PBXNativeTarget section */
		6E62065D2129E3DE007AFA70 /* ExpandableTableView */ = {
			isa = PBXNativeTarget;
			buildConfigurationList = 6E6206702129E3E2007AFA70 /* Build configuration list for PBXNativeTarget "ExpandableTableView" */;
			buildPhases = (
				6E62065A2129E3DE007AFA70 /* Sources */,
				6E62065B2129E3DE007AFA70 /* Frameworks */,
				6E62065C2129E3DE007AFA70 /* Resources */,
			);
			buildRules = (
			);
			dependencies = (
			);
			name = ExpandableTableView;
			productName = ExpandableTableView;
			productReference = 6E62065E2129E3DE007AFA70 /* ExpandableTableView.app */;
			productType = "com.apple.product-type.application";
		};
/* End PBXNativeTarget section */

/* Begin PBXProject section */
		6E6206562129E3DE007AFA70 /* Project object */ = {
			isa = PBXProject;
			attributes = {
				LastSwiftUpdateCheck = 0940;
				LastUpgradeCheck = 0940;
				ORGANIZATIONNAME = "Lucas Nascimento";
				TargetAttributes = {
					6E62065D2129E3DE007AFA70 = {
						CreatedOnToolsVersion = 9.4.1;
					};
				};
			};
			buildConfigurationList = 6E6206592129E3DE007AFA70 /* Build configuration list for PBXProject "ExpandableTableView" */;
			compatibilityVersion = "Xcode 9.3";
			developmentRegion = en;
			hasScannedForEncodings = 0;
			knownRegions = (
				en,
				Base,
			);
			mainGroup = 6E6206552129E3DE007AFA70;
			productRefGroup = 6E62065F2129E3DE007AFA70 /* Products */;
			projectDirPath = "";
			projectRoot = "";
			targets = (
				6E62065D2129E3DE007AFA70 /* ExpandableTableView */,
			);
		};
/* End PBXProject section */

/* Begin PBXResourcesBuildPhase section */
		6E62065C2129E3DE007AFA70 /* Resources */ = {
			isa = PBXResourcesBuildPhase;
			buildActionMask = 2147483647;
			files = (
				6E62066C2129E3E2007AFA70 /* LaunchScreen.storyboard in Resources */,
				6E6206692129E3E2007AFA70 /* Assets.xcassets in Resources */,
				6E6206742129E480007AFA70 /* FAQs.plist in Resources */,
			);
			runOnlyForDeploymentPostprocessing = 0;
		};
/* End PBXResourcesBuildPhase section */

/* Begin PBXSourcesBuildPhase section */
		6E62065A2129E3DE007AFA70 /* Sources */ = {
			isa = PBXSourcesBuildPhase;
			buildActionMask = 2147483647;
			files = (
				6E6206892129E96B007AFA70 /* ReusableView.swift in Sources */,
				6E6206642129E3DE007AFA70 /* ExpandableTableViewController.swift in Sources */,
				6E08E260213E1DCF009DD8DC /* Typealiases.swift in Sources */,
				6E08E264213E1DCF009DD8DC /* LayoutView.swift in Sources */,
				6E620692212A334F007AFA70 /* ExpandableCell.swift in Sources */,
				6E08E25D213E1DCF009DD8DC /* LayoutConstraintSafeAreaItem.swift in Sources */,
				6E08E25E213E1DCF009DD8DC /* LayoutViewConstraint.swift in Sources */,
				6E6206762129E49B007AFA70 /* Item.swift in Sources */,
				6E62068B2129EA06007AFA70 /* ExpandableView.swift in Sources */,
				6E08E25C213E1DCF009DD8DC /* LayoutConstraintMaker.swift in Sources */,
				6E6206872129E96B007AFA70 /* UITableView+ReusableView.swift in Sources */,
				6E6206622129E3DE007AFA70 /* AppDelegate.swift in Sources */,
				6E08E266213E1DCF009DD8DC /* LayoutConstraintItemable.swift in Sources */,
				6E08E263213E1DCF009DD8DC /* LayoutConstraintItem.swift in Sources */,
				6E6206882129E96B007AFA70 /* UIView+ReusableView.swift in Sources */,
				6E6206862129E96B007AFA70 /* ViewCodable.swift in Sources */,
				6E08E261213E1DCF009DD8DC /* LayoutConstraintMakerRelatable.swift in Sources */,
				6E08E265213E1DCF009DD8DC /* LayoutConstraintMakerSupportable.swift in Sources */,
				6E08E262213E1DCF009DD8DC /* LayoutConstraintMakerExtendable.swift in Sources */,
				6E08E25F213E1DCF009DD8DC /* LayoutViewConstraintSafeArea.swift in Sources */,
			);
			runOnlyForDeploymentPostprocessing = 0;
		};
/* End PBXSourcesBuildPhase section */

/* Begin PBXVariantGroup section */
		6E62066A2129E3E2007AFA70 /* LaunchScreen.storyboard */ = {
			isa = PBXVariantGroup;
			children = (
				6E62066B2129E3E2007AFA70 /* Base */,
			);
			name = LaunchScreen.storyboard;
			sourceTree = "<group>";
		};
/* End PBXVariantGroup section */

/* Begin XCBuildConfiguration section */
		6E62066E2129E3E2007AFA70 /* Debug */ = {
			isa = XCBuildConfiguration;
			buildSettings = {
				ALWAYS_SEARCH_USER_PATHS = NO;
				CLANG_ANALYZER_NONNULL = YES;
				CLANG_ANALYZER_NUMBER_OBJECT_CONVERSION = YES_AGGRESSIVE;
				CLANG_CXX_LANGUAGE_STANDARD = "gnu++14";
				CLANG_CXX_LIBRARY = "libc++";
				CLANG_ENABLE_MODULES = YES;
				CLANG_ENABLE_OBJC_ARC = YES;
				CLANG_ENABLE_OBJC_WEAK = YES;
				CLANG_WARN_BLOCK_CAPTURE_AUTORELEASING = YES;
				CLANG_WARN_BOOL_CONVERSION = YES;
				CLANG_WARN_COMMA = YES;
				CLANG_WARN_CONSTANT_CONVERSION = YES;
				CLANG_WARN_DEPRECATED_OBJC_IMPLEMENTATIONS = YES;
				CLANG_WARN_DIRECT_OBJC_ISA_USAGE = YES_ERROR;
				CLANG_WARN_DOCUMENTATION_COMMENTS = YES;
				CLANG_WARN_EMPTY_BODY = YES;
				CLANG_WARN_ENUM_CONVERSION = YES;
				CLANG_WARN_INFINITE_RECURSION = YES;
				CLANG_WARN_INT_CONVERSION = YES;
				CLANG_WARN_NON_LITERAL_NULL_CONVERSION = YES;
				CLANG_WARN_OBJC_IMPLICIT_RETAIN_SELF = YES;
				CLANG_WARN_OBJC_LITERAL_CONVERSION = YES;
				CLANG_WARN_OBJC_ROOT_CLASS = YES_ERROR;
				CLANG_WARN_RANGE_LOOP_ANALYSIS = YES;
				CLANG_WARN_STRICT_PROTOTYPES = YES;
				CLANG_WARN_SUSPICIOUS_MOVE = YES;
				CLANG_WARN_UNGUARDED_AVAILABILITY = YES_AGGRESSIVE;
				CLANG_WARN_UNREACHABLE_CODE = YES;
				CLANG_WARN__DUPLICATE_METHOD_MATCH = YES;
				CODE_SIGN_IDENTITY = "iPhone Developer";
				COPY_PHASE_STRIP = NO;
				DEBUG_INFORMATION_FORMAT = dwarf;
				ENABLE_STRICT_OBJC_MSGSEND = YES;
				ENABLE_TESTABILITY = YES;
				GCC_C_LANGUAGE_STANDARD = gnu11;
				GCC_DYNAMIC_NO_PIC = NO;
				GCC_NO_COMMON_BLOCKS = YES;
				GCC_OPTIMIZATION_LEVEL = 0;
				GCC_PREPROCESSOR_DEFINITIONS = (
					"DEBUG=1",
					"$(inherited)",
				);
				GCC_WARN_64_TO_32_BIT_CONVERSION = YES;
				GCC_WARN_ABOUT_RETURN_TYPE = YES_ERROR;
				GCC_WARN_UNDECLARED_SELECTOR = YES;
				GCC_WARN_UNINITIALIZED_AUTOS = YES_AGGRESSIVE;
				GCC_WARN_UNUSED_FUNCTION = YES;
				GCC_WARN_UNUSED_VARIABLE = YES;
				IPHONEOS_DEPLOYMENT_TARGET = 11.4;
				MTL_ENABLE_DEBUG_INFO = YES;
				ONLY_ACTIVE_ARCH = YES;
				SDKROOT = iphoneos;
				SWIFT_ACTIVE_COMPILATION_CONDITIONS = DEBUG;
				SWIFT_OPTIMIZATION_LEVEL = "-Onone";
			};
			name = Debug;
		};
		6E62066F2129E3E2007AFA70 /* Release */ = {
			isa = XCBuildConfiguration;
			buildSettings = {
				ALWAYS_SEARCH_USER_PATHS = NO;
				CLANG_ANALYZER_NONNULL = YES;
				CLANG_ANALYZER_NUMBER_OBJECT_CONVERSION = YES_AGGRESSIVE;
				CLANG_CXX_LANGUAGE_STANDARD = "gnu++14";
				CLANG_CXX_LIBRARY = "libc++";
				CLANG_ENABLE_MODULES = YES;
				CLANG_ENABLE_OBJC_ARC = YES;
				CLANG_ENABLE_OBJC_WEAK = YES;
				CLANG_WARN_BLOCK_CAPTURE_AUTORELEASING = YES;
				CLANG_WARN_BOOL_CONVERSION = YES;
				CLANG_WARN_COMMA = YES;
				CLANG_WARN_CONSTANT_CONVERSION = YES;
				CLANG_WARN_DEPRECATED_OBJC_IMPLEMENTATIONS = YES;
				CLANG_WARN_DIRECT_OBJC_ISA_USAGE = YES_ERROR;
				CLANG_WARN_DOCUMENTATION_COMMENTS = YES;
				CLANG_WARN_EMPTY_BODY = YES;
				CLANG_WARN_ENUM_CONVERSION = YES;
				CLANG_WARN_INFINITE_RECURSION = YES;
				CLANG_WARN_INT_CONVERSION = YES;
				CLANG_WARN_NON_LITERAL_NULL_CONVERSION = YES;
				CLANG_WARN_OBJC_IMPLICIT_RETAIN_SELF = YES;
				CLANG_WARN_OBJC_LITERAL_CONVERSION = YES;
				CLANG_WARN_OBJC_ROOT_CLASS = YES_ERROR;
				CLANG_WARN_RANGE_LOOP_ANALYSIS = YES;
				CLANG_WARN_STRICT_PROTOTYPES = YES;
				CLANG_WARN_SUSPICIOUS_MOVE = YES;
				CLANG_WARN_UNGUARDED_AVAILABILITY = YES_AGGRESSIVE;
				CLANG_WARN_UNREACHABLE_CODE = YES;
				CLANG_WARN__DUPLICATE_METHOD_MATCH = YES;
				CODE_SIGN_IDENTITY = "iPhone Developer";
				COPY_PHASE_STRIP = NO;
				DEBUG_INFORMATION_FORMAT = "dwarf-with-dsym";
				ENABLE_NS_ASSERTIONS = NO;
				ENABLE_STRICT_OBJC_MSGSEND = YES;
				GCC_C_LANGUAGE_STANDARD = gnu11;
				GCC_NO_COMMON_BLOCKS = YES;
				GCC_WARN_64_TO_32_BIT_CONVERSION = YES;
				GCC_WARN_ABOUT_RETURN_TYPE = YES_ERROR;
				GCC_WARN_UNDECLARED_SELECTOR = YES;
				GCC_WARN_UNINITIALIZED_AUTOS = YES_AGGRESSIVE;
				GCC_WARN_UNUSED_FUNCTION = YES;
				GCC_WARN_UNUSED_VARIABLE = YES;
				IPHONEOS_DEPLOYMENT_TARGET = 11.4;
				MTL_ENABLE_DEBUG_INFO = NO;
				SDKROOT = iphoneos;
				SWIFT_COMPILATION_MODE = wholemodule;
				SWIFT_OPTIMIZATION_LEVEL = "-O";
				VALIDATE_PRODUCT = YES;
			};
			name = Release;
		};
		6E6206712129E3E2007AFA70 /* Debug */ = {
			isa = XCBuildConfiguration;
			buildSettings = {
				ASSETCATALOG_COMPILER_APPICON_NAME = AppIcon;
				CODE_SIGN_STYLE = Automatic;
				INFOPLIST_FILE = "$(SRCROOT)/ExpandableTableView/SupportingFiles/Info.plist";
				IPHONEOS_DEPLOYMENT_TARGET = 9.0;
				LD_RUNPATH_SEARCH_PATHS = (
					"$(inherited)",
					"@executable_path/Frameworks",
				);
				PRODUCT_BUNDLE_IDENTIFIER = com.ExpandableTableView;
				PRODUCT_NAME = "$(TARGET_NAME)";
				SWIFT_VERSION = 4.0;
				TARGETED_DEVICE_FAMILY = "1,2";
			};
			name = Debug;
		};
		6E6206722129E3E2007AFA70 /* Release */ = {
			isa = XCBuildConfiguration;
			buildSettings = {
				ASSETCATALOG_COMPILER_APPICON_NAME = AppIcon;
				CODE_SIGN_STYLE = Automatic;
				INFOPLIST_FILE = "$(SRCROOT)/ExpandableTableView/SupportingFiles/Info.plist";
				IPHONEOS_DEPLOYMENT_TARGET = 9.0;
				LD_RUNPATH_SEARCH_PATHS = (
					"$(inherited)",
					"@executable_path/Frameworks",
				);
				PRODUCT_BUNDLE_IDENTIFIER = com.ExpandableTableView;
				PRODUCT_NAME = "$(TARGET_NAME)";
				SWIFT_VERSION = 4.0;
				TARGETED_DEVICE_FAMILY = "1,2";
			};
			name = Release;
		};
/* End XCBuildConfiguration section */

/* Begin XCConfigurationList section */
		6E6206592129E3DE007AFA70 /* Build configuration list for PBXProject "ExpandableTableView" */ = {
			isa = XCConfigurationList;
			buildConfigurations = (
				6E62066E2129E3E2007AFA70 /* Debug */,
				6E62066F2129E3E2007AFA70 /* Release */,
			);
			defaultConfigurationIsVisible = 0;
			defaultConfigurationName = Release;
		};
		6E6206702129E3E2007AFA70 /* Build configuration list for PBXNativeTarget "ExpandableTableView" */ = {
			isa = XCConfigurationList;
			buildConfigurations = (
				6E6206712129E3E2007AFA70 /* Debug */,
				6E6206722129E3E2007AFA70 /* Release */,
			);
			defaultConfigurationIsVisible = 0;
			defaultConfigurationName = Release;
		};
/* End XCConfigurationList section */
	};
	rootObject = 6E6206562129E3DE007AFA70 /* Project object */;
}
